Microsoft Visual Studio Solution File, Format Version 12.00
# Visual Studio Version 17
VisualStudioVersion = 17.5.2.0
MinimumVisualStudioVersion = 10.0.40219.1
Project("{FAE04EC0-301F-11D3-BF4B-00C04F79EFBC}") = "SideScroll.Templates", "SideScroll.Templates.csproj", "{E9D0E201-9C64-83DA-42EC-7C27F7208C93}"
EndProject
Project("{2150E333-8FDC-42A3-9474-1A3956D46DE8}") = "templates", "templates", "{808186BE-9BD0-DD1D-D574-36EEAD1E7F8F}"
EndProject
Project("{FAE04EC0-301F-11D3-BF4B-00C04F79EFBC}") = "SideScrollAppTemplate", "templates\app\SideScrollAppTemplate.csproj", "{DEC98A99-3D5C-6B31-488D-FFDCF13756EE}"
EndProject
Global
	GlobalSection(SolutionConfigurationPlatforms) = preSolution
		Debug|Any CPU = Debug|Any CPU
		Release|Any CPU = Release|Any CPU
	EndGlobalSection
	GlobalSection(ProjectConfigurationPlatforms) = postSolution
		{E9D0E201-9C64-83DA-42EC-7C27F7208C93}.Debug|Any CPU.ActiveCfg = Debug|Any CPU
		{E9D0E201-9C64-83DA-42EC-7C27F7208C93}.Debug|Any CPU.Build.0 = Debug|Any CPU
		{E9D0E201-9C64-83DA-42EC-7C27F7208C93}.Release|Any CPU.ActiveCfg = Release|Any CPU
		{E9D0E201-9C64-83DA-42EC-7C27F7208C93}.Release|Any CPU.Build.0 = Release|Any CPU
		{DEC98A99-3D5C-6B31-488D-FFDCF13756EE}.Debug|Any CPU.ActiveCfg = Debug|Any CPU
		{DEC98A99-3D5C-6B31-488D-FFDCF13756EE}.Debug|Any CPU.Build.0 = Debug|Any CPU
		{DEC98A99-3D5C-6B31-488D-FFDCF13756EE}.Release|Any CPU.ActiveCfg = Release|Any CPU
		{DEC98A99-3D5C-6B31-488D-FFDCF13756EE}.Release|Any CPU.Build.0 = Release|Any CPU
	EndGlobalSection
	GlobalSection(SolutionProperties) = preSolution
		HideSolutionNode = FALSE
	EndGlobalSection
	GlobalSection(NestedProjects) = preSolution
		{DEC98A99-3D5C-6B31-488D-FFDCF13756EE} = {808186BE-9BD0-DD1D-D574-36EEAD1E7F8F}
	EndGlobalSection
	GlobalSection(ExtensibilityGlobals) = postSolution
		SolutionGuid = {A22075C9-13AC-45A9-B557-2D91C0C155C5}
	EndGlobalSection
EndGlobal
